
Microsoft Visual Studio Solution File, Format Version 12.00
Project("{FAE04EC0-301F-11D3-BF4B-00C04F79EFBC}") = "Contracts", "Contracts\Contracts.csproj", "{8CCE2A7C-8A24-43A9-B9CB-9FAB8C64D1C0}"
EndProject
Project("{FAE04EC0-301F-11D3-BF4B-00C04F79EFBC}") = "Entities", "Entities\Entities.csproj", "{EF792003-29F9-47BA-9227-47B336F7609B}"
EndProject
Project("{FAE04EC0-301F-11D3-BF4B-00C04F79EFBC}") = "SmartHomeController", "SmartHomeController\SmartHomeController.csproj", "{7B061FB6-C034-4F54-AD33-95EAC538B4D7}"
EndProject
Project("{FAE04EC0-301F-11D3-BF4B-00C04F79EFBC}") = "MyNotificationService", "MyNotificationService\MyNotificationService.csproj", "{946AE5F4-FE42-4D12-B0D8-81E4746D43E7}"
EndProject
Project("{FAE04EC0-301F-11D3-BF4B-00C04F79EFBC}") = "EfcDataAccess", "EfcDataAccess\EfcDataAccess.csproj", "{9E2EF7A3-15AD-4CA1-98D5-793F4BD84C76}"
EndProject
Global
	GlobalSection(SolutionConfigurationPlatforms) = preSolution
		Debug|Any CPU = Debug|Any CPU
		Release|Any CPU = Release|Any CPU
	EndGlobalSection
	GlobalSection(ProjectConfigurationPlatforms) = postSolution
		{8CCE2A7C-8A24-43A9-B9CB-9FAB8C64D1C0}.Debug|Any CPU.ActiveCfg = Debug|Any CPU
		{8CCE2A7C-8A24-43A9-B9CB-9FAB8C64D1C0}.Debug|Any CPU.Build.0 = Debug|Any CPU
		{8CCE2A7C-8A24-43A9-B9CB-9FAB8C64D1C0}.Release|Any CPU.ActiveCfg = Release|Any CPU
		{8CCE2A7C-8A24-43A9-B9CB-9FAB8C64D1C0}.Release|Any CPU.Build.0 = Release|Any CPU
		{EF792003-29F9-47BA-9227-47B336F7609B}.Debug|Any CPU.ActiveCfg = Debug|Any CPU
		{EF792003-29F9-47BA-9227-47B336F7609B}.Debug|Any CPU.Build.0 = Debug|Any CPU
		{EF792003-29F9-47BA-9227-47B336F7609B}.Release|Any CPU.ActiveCfg = Release|Any CPU
		{EF792003-29F9-47BA-9227-47B336F7609B}.Release|Any CPU.Build.0 = Release|Any CPU
		{7B061FB6-C034-4F54-AD33-95EAC538B4D7}.Debug|Any CPU.ActiveCfg = Debug|Any CPU
		{7B061FB6-C034-4F54-AD33-95EAC538B4D7}.Debug|Any CPU.Build.0 = Debug|Any CPU
		{7B061FB6-C034-4F54-AD33-95EAC538B4D7}.Release|Any CPU.ActiveCfg = Release|Any CPU
		{7B061FB6-C034-4F54-AD33-95EAC538B4D7}.Release|Any CPU.Build.0 = Release|Any CPU
		{946AE5F4-FE42-4D12-B0D8-81E4746D43E7}.Debug|Any CPU.ActiveCfg = Debug|Any CPU
		{946AE5F4-FE42-4D12-B0D8-81E4746D43E7}.Debug|Any CPU.Build.0 = Debug|Any CPU
		{946AE5F4-FE42-4D12-B0D8-81E4746D43E7}.Release|Any CPU.ActiveCfg = Release|Any CPU
		{946AE5F4-FE42-4D12-B0D8-81E4746D43E7}.Release|Any CPU.Build.0 = Release|Any CPU
		{9E2EF7A3-15AD-4CA1-98D5-793F4BD84C76}.Debug|Any CPU.ActiveCfg = Debug|Any CPU
		{9E2EF7A3-15AD-4CA1-98D5-793F4BD84C76}.Debug|Any CPU.Build.0 = Debug|Any CPU
		{9E2EF7A3-15AD-4CA1-98D5-793F4BD84C76}.Release|Any CPU.ActiveCfg = Release|Any CPU
		{9E2EF7A3-15AD-4CA1-98D5-793F4BD84C76}.Release|Any CPU.Build.0 = Release|Any CPU
	EndGlobalSection
EndGlobal
